
Microsoft Visual Studio Solution File, Format Version 12.00
# Visual Studio 15
VisualStudioVersion = 15.0.28307.102
MinimumVisualStudioVersion = 10.0.40219.1
Project("{FAE04EC0-301F-11D3-BF4B-00C04F79EFBC}") = "InfoPortal.WebUI", "InfoPortal.WebUI\InfoPortal.WebUI.csproj", "{CB3FD0F5-506C-4A15-97CB-4D69924F9399}"
EndProject
Project("{FAE04EC0-301F-11D3-BF4B-00C04F79EFBC}") = "InfoPortal.Domain", "InfoPortal.Domain\InfoPortal.Domain.csproj", "{B85B49B6-7671-4299-9411-1FAA78376B4B}"
EndProject
Global
	GlobalSection(SolutionConfigurationPlatforms) = preSolution
		Debug|Any CPU = Debug|Any CPU
		Release|Any CPU = Release|Any CPU
	EndGlobalSection
	GlobalSection(ProjectConfigurationPlatforms) = postSolution
		{CB3FD0F5-506C-4A15-97CB-4D69924F9399}.Debug|Any CPU.ActiveCfg = Debug|Any CPU
		{CB3FD0F5-506C-4A15-97CB-4D69924F9399}.Debug|Any CPU.Build.0 = Debug|Any CPU
		{CB3FD0F5-506C-4A15-97CB-4D69924F9399}.Release|Any CPU.ActiveCfg = Release|Any CPU
		{CB3FD0F5-506C-4A15-97CB-4D69924F9399}.Release|Any CPU.Build.0 = Release|Any CPU
		{B85B49B6-7671-4299-9411-1FAA78376B4B}.Debug|Any CPU.ActiveCfg = Debug|Any CPU
		{B85B49B6-7671-4299-9411-1FAA78376B4B}.Debug|Any CPU.Build.0 = Debug|Any CPU
		{B85B49B6-7671-4299-9411-1FAA78376B4B}.Release|Any CPU.ActiveCfg = Release|Any CPU
		{B85B49B6-7671-4299-9411-1FAA78376B4B}.Release|Any CPU.Build.0 = Release|Any CPU
	EndGlobalSection
	GlobalSection(SolutionProperties) = preSolution
		HideSolutionNode = FALSE
	EndGlobalSection
	GlobalSection(ExtensibilityGlobals) = postSolution
		SolutionGuid = {FDB9D51F-244F-46FF-A7F0-BE6CDD7D35DF}
	EndGlobalSection
EndGlobal
